// !$*UTF8*$!
{
	archiveVersion = 1;
	classes = {
	};
	objectVersion = 50;
	objects = {

/* Begin PBXBuildFile section */
		5B382B4420F5357A008E7D40 /* AppDelegate.swift in Sources */ = {isa = PBXBuildFile; fileRef = 5B382B4320F5357A008E7D40 /* AppDelegate.swift */; };
		5B382B4620F5357A008E7D40 /* ViewController.swift in Sources */ = {isa = PBXBuildFile; fileRef = 5B382B4520F5357A008E7D40 /* ViewController.swift */; };
		5B382B4920F5357A008E7D40 /* Main.storyboard in Resources */ = {isa = PBXBuildFile; fileRef = 5B382B4720F5357A008E7D40 /* Main.storyboard */; };
		5B382B4B20F5357D008E7D40 /* Assets.xcassets in Resources */ = {isa = PBXBuildFile; fileRef = 5B382B4A20F5357D008E7D40 /* Assets.xcassets */; };
		5B382B4E20F5357D008E7D40 /* LaunchScreen.storyboard in Resources */ = {isa = PBXBuildFile; fileRef = 5B382B4C20F5357D008E7D40 /* LaunchScreen.storyboard */; };
		5B382B5920F5357D008E7D40 /* Poke_dexTests.swift in Sources */ = {isa = PBXBuildFile; fileRef = 5B382B5820F5357D008E7D40 /* Poke_dexTests.swift */; };
		5B382B6420F5357D008E7D40 /* Poke_dexUITests.swift in Sources */ = {isa = PBXBuildFile; fileRef = 5B382B6320F5357D008E7D40 /* Poke_dexUITests.swift */; };
		5B382B7220F53687008E7D40 /* InfoPage.swift in Sources */ = {isa = PBXBuildFile; fileRef = 5B382B7120F53687008E7D40 /* InfoPage.swift */; };
/* End PBXBuildFile section */

/* Begin PBXContainerItemProxy section */
		5B382B5520F5357D008E7D40 /* PBXContainerItemProxy */ = {
			isa = PBXContainerItemProxy;
			containerPortal = 5B382B3820F5357A008E7D40 /* Project object */;
			proxyType = 1;
			remoteGlobalIDString = 5B382B3F20F5357A008E7D40;
			remoteInfo = "Pokédex";
		};
		5B382B6020F5357D008E7D40 /* PBXContainerItemProxy */ = {
			isa = PBXContainerItemProxy;
			containerPortal = 5B382B3820F5357A008E7D40 /* Project object */;
			proxyType = 1;
			remoteGlobalIDString = 5B382B3F20F5357A008E7D40;
			remoteInfo = "Pokédex";
		};
/* End PBXContainerItemProxy section */

/* Begin PBXFileReference section */
		5B382B4020F5357A008E7D40 /* Pokédex.app */ = {isa = PBXFileReference; explicitFileType = wrapper.application; includeInIndex = 0; path = "Pokédex.app"; sourceTree = BUILT_PRODUCTS_DIR; };
		5B382B4320F5357A008E7D40 /* AppDelegate.swift */ = {isa = PBXFileReference; lastKnownFileType = sourcecode.swift; path = AppDelegate.swift; sourceTree = "<group>"; };
		5B382B4520F5357A008E7D40 /* ViewController.swift */ = {isa = PBXFileReference; lastKnownFileType = sourcecode.swift; path = ViewController.swift; sourceTree = "<group>"; };
		5B382B4820F5357A008E7D40 /* Base */ = {isa = PBXFileReference; lastKnownFileType = file.storyboard; name = Base; path = Base.lproj/Main.storyboard; sourceTree = "<group>"; };
		5B382B4A20F5357D008E7D40 /* Assets.xcassets */ = {isa = PBXFileReference; lastKnownFileType = folder.assetcatalog; path = Assets.xcassets; sourceTree = "<group>"; };
		5B382B4D20F5357D008E7D40 /* Base */ = {isa = PBXFileReference; lastKnownFileType = file.storyboard; name = Base; path = Base.lproj/LaunchScreen.storyboard; sourceTree = "<group>"; };
		5B382B4F20F5357D008E7D40 /* Info.plist */ = {isa = PBXFileReference; lastKnownFileType = text.plist.xml; path = Info.plist; sourceTree = "<group>"; };
		5B382B5420F5357D008E7D40 /* PokédexTests.xctest */ = {isa = PBXFileReference; explicitFileType = wrapper.cfbundle; includeInIndex = 0; path = "PokédexTests.xctest"; sourceTree = BUILT_PRODUCTS_DIR; };
		5B382B5820F5357D008E7D40 /* Poke_dexTests.swift */ = {isa = PBXFileReference; lastKnownFileType = sourcecode.swift; path = Poke_dexTests.swift; sourceTree = "<group>"; };
		5B382B5A20F5357D008E7D40 /* Info.plist */ = {isa = PBXFileReference; lastKnownFileType = text.plist.xml; path = Info.plist; sourceTree = "<group>"; };
		5B382B5F20F5357D008E7D40 /* PokédexUITests.xctest */ = {isa = PBXFileReference; explicitFileType = wrapper.cfbundle; includeInIndex = 0; path = "PokédexUITests.xctest"; sourceTree = BUILT_PRODUCTS_DIR; };
		5B382B6320F5357D008E7D40 /* Poke_dexUITests.swift */ = {isa = PBXFileReference; lastKnownFileType = sourcecode.swift; path = Poke_dexUITests.swift; sourceTree = "<group>"; };
		5B382B6520F5357D008E7D40 /* Info.plist */ = {isa = PBXFileReference; lastKnownFileType = text.plist.xml; path = Info.plist; sourceTree = "<group>"; };
		5B382B7120F53687008E7D40 /* InfoPage.swift */ = {isa = PBXFileReference; lastKnownFileType = sourcecode.swift; path = InfoPage.swift; sourceTree = "<group>"; };
/* End PBXFileReference section */

/* Begin PBXFrameworksBuildPhase section */
		5B382B3D20F5357A008E7D40 /* Frameworks */ = {
			isa = PBXFrameworksBuildPhase;
			buildActionMask = 2147483647;
			files = (
			);
			runOnlyForDeploymentPostprocessing = 0;
		};
		5B382B5120F5357D008E7D40 /* Frameworks */ = {
			isa = PBXFrameworksBuildPhase;
			buildActionMask = 2147483647;
			files = (
			);
			runOnlyForDeploymentPostprocessing = 0;
		};
		5B382B5C20F5357D008E7D40 /* Frameworks */ = {
			isa = PBXFrameworksBuildPhase;
			buildActionMask = 2147483647;
			files = (
			);
			runOnlyForDeploymentPostprocessing = 0;
		};
/* End PBXFrameworksBuildPhase section */

/* Begin PBXGroup section */
		5B382B3720F5357A008E7D40 = {
			isa = PBXGroup;
			children = (
				5B382B4220F5357A008E7D40 /* Pokédex */,
				5B382B5720F5357D008E7D40 /* PokédexTests */,
				5B382B6220F5357D008E7D40 /* PokédexUITests */,
				5B382B4120F5357A008E7D40 /* Products */,
			);
			sourceTree = "<group>";
		};
		5B382B4120F5357A008E7D40 /* Products */ = {
			isa = PBXGroup;
			children = (
				5B382B4020F5357A008E7D40 /* Pokédex.app */,
				5B382B5420F5357D008E7D40 /* PokédexTests.xctest */,
				5B382B5F20F5357D008E7D40 /* PokédexUITests.xctest */,
			);
			name = Products;
			sourceTree = "<group>";
		};
		5B382B4220F5357A008E7D40 /* Pokédex */ = {
			isa = PBXGroup;
			children = (
				5B382B4320F5357A008E7D40 /* AppDelegate.swift */,
				5B382B4520F5357A008E7D40 /* ViewController.swift */,
				5B382B4720F5357A008E7D40 /* Main.storyboard */,
				5B382B4A20F5357D008E7D40 /* Assets.xcassets */,
				5B382B4C20F5357D008E7D40 /* LaunchScreen.storyboard */,
				5B382B4F20F5357D008E7D40 /* Info.plist */,
				5B382B7120F53687008E7D40 /* InfoPage.swift */,
			);
			path = "Pokédex";
			sourceTree = "<group>";
		};
		5B382B5720F5357D008E7D40 /* PokédexTests */ = {
			isa = PBXGroup;
			children = (
				5B382B5820F5357D008E7D40 /* Poke_dexTests.swift */,
				5B382B5A20F5357D008E7D40 /* Info.plist */,
			);
			path = "PokédexTests";
			sourceTree = "<group>";
		};
		5B382B6220F5357D008E7D40 /* PokédexUITests */ = {
			isa = PBXGroup;
			children = (
				5B382B6320F5357D008E7D40 /* Poke_dexUITests.swift */,
				5B382B6520F5357D008E7D40 /* Info.plist */,
			);
			path = "PokédexUITests";
			sourceTree = "<group>";
		};
/* End PBXGroup section */

/* Begin PBXNativeTarget section */
		5B382B3F20F5357A008E7D40 /* Pokédex */ = {
			isa = PBXNativeTarget;
			buildConfigurationList = 5B382B6820F5357D008E7D40 /* Build configuration list for PBXNativeTarget "Pokédex" */;
			buildPhases = (
				5B382B3C20F5357A008E7D40 /* Sources */,
				5B382B3D20F5357A008E7D40 /* Frameworks */,
				5B382B3E20F5357A008E7D40 /* Resources */,
			);
			buildRules = (
			);
			dependencies = (
			);
			name = "Pokédex";
			productName = "Pokédex";
			productReference = 5B382B4020F5357A008E7D40 /* Pokédex.app */;
			productType = "com.apple.product-type.application";
		};
		5B382B5320F5357D008E7D40 /* PokédexTests */ = {
			isa = PBXNativeTarget;
			buildConfigurationList = 5B382B6B20F5357D008E7D40 /* Build configuration list for PBXNativeTarget "PokédexTests" */;
			buildPhases = (
				5B382B5020F5357D008E7D40 /* Sources */,
				5B382B5120F5357D008E7D40 /* Frameworks */,
				5B382B5220F5357D008E7D40 /* Resources */,
			);
			buildRules = (
			);
			dependencies = (
				5B382B5620F5357D008E7D40 /* PBXTargetDependency */,
			);
			name = "PokédexTests";
			productName = "PokédexTests";
			productReference = 5B382B5420F5357D008E7D40 /* PokédexTests.xctest */;
			productType = "com.apple.product-type.bundle.unit-test";
		};
		5B382B5E20F5357D008E7D40 /* PokédexUITests */ = {
			isa = PBXNativeTarget;
			buildConfigurationList = 5B382B6E20F5357D008E7D40 /* Build configuration list for PBXNativeTarget "PokédexUITests" */;
			buildPhases = (
				5B382B5B20F5357D008E7D40 /* Sources */,
				5B382B5C20F5357D008E7D40 /* Frameworks */,
				5B382B5D20F5357D008E7D40 /* Resources */,
			);
			buildRules = (
			);
			dependencies = (
				5B382B6120F5357D008E7D40 /* PBXTargetDependency */,
			);
			name = "PokédexUITests";
			productName = "PokédexUITests";
			productReference = 5B382B5F20F5357D008E7D40 /* PokédexUITests.xctest */;
			productType = "com.apple.product-type.bundle.ui-testing";
		};
/* End PBXNativeTarget section */

/* Begin PBXProject section */
		5B382B3820F5357A008E7D40 /* Project object */ = {
			isa = PBXProject;
			attributes = {
				LastSwiftUpdateCheck = 0940;
				LastUpgradeCheck = 0940;
				ORGANIZATIONNAME = "Rishi Anand";
				TargetAttributes = {
					5B382B3F20F5357A008E7D40 = {
						CreatedOnToolsVersion = 9.4.1;
					};
					5B382B5320F5357D008E7D40 = {
						CreatedOnToolsVersion = 9.4.1;
						TestTargetID = 5B382B3F20F5357A008E7D40;
					};
					5B382B5E20F5357D008E7D40 = {
						CreatedOnToolsVersion = 9.4.1;
						TestTargetID = 5B382B3F20F5357A008E7D40;
					};
				};
			};
			buildConfigurationList = 5B382B3B20F5357A008E7D40 /* Build configuration list for PBXProject "Pokédex" */;
			compatibilityVersion = "Xcode 9.3";
			developmentRegion = en;
			hasScannedForEncodings = 0;
			knownRegions = (
				en,
				Base,
			);
			mainGroup = 5B382B3720F5357A008E7D40;
			productRefGroup = 5B382B4120F5357A008E7D40 /* Products */;
			projectDirPath = "";
			projectRoot = "";
			targets = (
				5B382B3F20F5357A008E7D40 /* Pokédex */,
				5B382B5320F5357D008E7D40 /* PokédexTests */,
				5B382B5E20F5357D008E7D40 /* PokédexUITests */,
			);
		};
/* End PBXProject section */

/* Begin PBXResourcesBuildPhase section */
		5B382B3E20F5357A008E7D40 /* Resources */ = {
			isa = PBXResourcesBuildPhase;
			buildActionMask = 2147483647;
			files = (
				5B382B4E20F5357D008E7D40 /* LaunchScreen.storyboard in Resources */,
				5B382B4B20F5357D008E7D40 /* Assets.xcassets in Resources */,
				5B382B4920F5357A008E7D40 /* Main.storyboard in Resources */,
			);
			runOnlyForDeploymentPostprocessing = 0;
		};
		5B382B5220F5357D008E7D40 /* Resources */ = {
			isa = PBXResourcesBuildPhase;
			buildActionMask = 2147483647;
			files = (
			);
			runOnlyForDeploymentPostprocessing = 0;
		};
		5B382B5D20F5357D008E7D40 /* Resources */ = {
			isa = PBXResourcesBuildPhase;
			buildActionMask = 2147483647;
			files = (
			);
			runOnlyForDeploymentPostprocessing = 0;
		};
/* End PBXResourcesBuildPhase section */

/* Begin PBXSourcesBuildPhase section */
		5B382B3C20F5357A008E7D40 /* Sources */ = {
			isa = PBXSourcesBuildPhase;
			buildActionMask = 2147483647;
			files = (
				5B382B4620F5357A008E7D40 /* ViewController.swift in Sources */,
				5B382B4420F5357A008E7D40 /* AppDelegate.swift in Sources */,
				5B382B7220F53687008E7D40 /* InfoPage.swift in Sources */,
			);
			runOnlyForDeploymentPostprocessing = 0;
		};
		5B382B5020F5357D008E7D40 /* Sources */ = {
			isa = PBXSourcesBuildPhase;
			buildActionMask = 2147483647;
			files = (
				5B382B5920F5357D008E7D40 /* Poke_dexTests.swift in Sources */,
			);
			runOnlyForDeploymentPostprocessing = 0;
		};
		5B382B5B20F5357D008E7D40 /* Sources */ = {
			isa = PBXSourcesBuildPhase;
			buildActionMask = 2147483647;
			files = (
				5B382B6420F5357D008E7D40 /* Poke_dexUITests.swift in Sources */,
			);
			runOnlyForDeploymentPostprocessing = 0;
		};
/* End PBXSourcesBuildPhase section */

/* Begin PBXTargetDependency section */
		5B382B5620F5357D008E7D40 /* PBXTargetDependency */ = {
			isa = PBXTargetDependency;
			target = 5B382B3F20F5357A008E7D40 /* Pokédex */;
			targetProxy = 5B382B5520F5357D008E7D40 /* PBXContainerItemProxy */;
		};
		5B382B6120F5357D008E7D40 /* PBXTargetDependency */ = {
			isa = PBXTargetDependency;
			target = 5B382B3F20F5357A008E7D40 /* Pokédex */;
			targetProxy = 5B382B6020F5357D008E7D40 /* PBXContainerItemProxy */;
		};
/* End PBXTargetDependency section */

/* Begin PBXVariantGroup section */
		5B382B4720F5357A008E7D40 /* Main.storyboard */ = {
			isa = PBXVariantGroup;
			children = (
				5B382B4820F5357A008E7D40 /* Base */,
			);
			name = Main.storyboard;
			sourceTree = "<group>";
		};
		5B382B4C20F5357D008E7D40 /* LaunchScreen.storyboard */ = {
			isa = PBXVariantGroup;
			children = (
				5B382B4D20F5357D008E7D40 /* Base */,
			);
			name = LaunchScreen.storyboard;
			sourceTree = "<group>";
		};
/* End PBXVariantGroup section */

/* Begin XCBuildConfiguration section */
		5B382B6620F5357D008E7D40 /* Debug */ = {
			isa = XCBuildConfiguration;
			buildSettings = {
				ALWAYS_SEARCH_USER_PATHS = NO;
				CLANG_ANALYZER_NONNULL = YES;
				CLANG_ANALYZER_NUMBER_OBJECT_CONVERSION = YES_AGGRESSIVE;
				CLANG_CXX_LANGUAGE_STANDARD = "gnu++14";
				CLANG_CXX_LIBRARY = "libc++";
				CLANG_ENABLE_MODULES = YES;
				CLANG_ENABLE_OBJC_ARC = YES;
				CLANG_ENABLE_OBJC_WEAK = YES;
				CLANG_WARN_BLOCK_CAPTURE_AUTORELEASING = YES;
				CLANG_WARN_BOOL_CONVERSION = YES;
				CLANG_WARN_COMMA = YES;
				CLANG_WARN_CONSTANT_CONVERSION = YES;
				CLANG_WARN_DEPRECATED_OBJC_IMPLEMENTATIONS = YES;
				CLANG_WARN_DIRECT_OBJC_ISA_USAGE = YES_ERROR;
				CLANG_WARN_DOCUMENTATION_COMMENTS = YES;
				CLANG_WARN_EMPTY_BODY = YES;
				CLANG_WARN_ENUM_CONVERSION = YES;
				CLANG_WARN_INFINITE_RECURSION = YES;
				CLANG_WARN_INT_CONVERSION = YES;
				CLANG_WARN_NON_LITERAL_NULL_CONVERSION = YES;
				CLANG_WARN_OBJC_IMPLICIT_RETAIN_SELF = YES;
				CLANG_WARN_OBJC_LITERAL_CONVERSION = YES;
				CLANG_WARN_OBJC_ROOT_CLASS = YES_ERROR;
				CLANG_WARN_RANGE_LOOP_ANALYSIS = YES;
				CLANG_WARN_STRICT_PROTOTYPES = YES;
				CLANG_WARN_SUSPICIOUS_MOVE = YES;
				CLANG_WARN_UNGUARDED_AVAILABILITY = YES_AGGRESSIVE;
				CLANG_WARN_UNREACHABLE_CODE = YES;
				CLANG_WARN__DUPLICATE_METHOD_MATCH = YES;
				CODE_SIGN_IDENTITY = "iPhone Developer";
				COPY_PHASE_STRIP = NO;
				DEBUG_INFORMATION_FORMAT = dwarf;
				ENABLE_STRICT_OBJC_MSGSEND = YES;
				ENABLE_TESTABILITY = YES;
				GCC_C_LANGUAGE_STANDARD = gnu11;
				GCC_DYNAMIC_NO_PIC = NO;
				GCC_NO_COMMON_BLOCKS = YES;
				GCC_OPTIMIZATION_LEVEL = 0;
				GCC_PREPROCESSOR_DEFINITIONS = (
					"DEBUG=1",
					"$(inherited)",
				);
				GCC_WARN_64_TO_32_BIT_CONVERSION = YES;
				GCC_WARN_ABOUT_RETURN_TYPE = YES_ERROR;
				GCC_WARN_UNDECLARED_SELECTOR = YES;
				GCC_WARN_UNINITIALIZED_AUTOS = YES_AGGRESSIVE;
				GCC_WARN_UNUSED_FUNCTION = YES;
				GCC_WARN_UNUSED_VARIABLE = YES;
				IPHONEOS_DEPLOYMENT_TARGET = 11.4;
				MTL_ENABLE_DEBUG_INFO = YES;
				ONLY_ACTIVE_ARCH = YES;
				SDKROOT = iphoneos;
				SWIFT_ACTIVE_COMPILATION_CONDITIONS = DEBUG;
				SWIFT_OPTIMIZATION_LEVEL = "-Onone";
			};
			name = Debug;
		};
		5B382B6720F5357D008E7D40 /* Release */ = {
			isa = XCBuildConfiguration;
			buildSettings = {
				ALWAYS_SEARCH_USER_PATHS = NO;
				CLANG_ANALYZER_NONNULL = YES;
				CLANG_ANALYZER_NUMBER_OBJECT_CONVERSION = YES_AGGRESSIVE;
				CLANG_CXX_LANGUAGE_STANDARD = "gnu++14";
				CLANG_CXX_LIBRARY = "libc++";
				CLANG_ENABLE_MODULES = YES;
				CLANG_ENABLE_OBJC_ARC = YES;
				CLANG_ENABLE_OBJC_WEAK = YES;
				CLANG_WARN_BLOCK_CAPTURE_AUTORELEASING = YES;
				CLANG_WARN_BOOL_CONVERSION = YES;
				CLANG_WARN_COMMA = YES;
				CLANG_WARN_CONSTANT_CONVERSION = YES;
				CLANG_WARN_DEPRECATED_OBJC_IMPLEMENTATIONS = YES;
				CLANG_WARN_DIRECT_OBJC_ISA_USAGE = YES_ERROR;
				CLANG_WARN_DOCUMENTATION_COMMENTS = YES;
				CLANG_WARN_EMPTY_BODY = YES;
				CLANG_WARN_ENUM_CONVERSION = YES;
				CLANG_WARN_INFINITE_RECURSION = YES;
				CLANG_WARN_INT_CONVERSION = YES;
				CLANG_WARN_NON_LITERAL_NULL_CONVERSION = YES;
				CLANG_WARN_OBJC_IMPLICIT_RETAIN_SELF = YES;
				CLANG_WARN_OBJC_LITERAL_CONVERSION = YES;
				CLANG_WARN_OBJC_ROOT_CLASS = YES_ERROR;
				CLANG_WARN_RANGE_LOOP_ANALYSIS = YES;
				CLANG_WARN_STRICT_PROTOTYPES = YES;
				CLANG_WARN_SUSPICIOUS_MOVE = YES;
				CLANG_WARN_UNGUARDED_AVAILABILITY = YES_AGGRESSIVE;
				CLANG_WARN_UNREACHABLE_CODE = YES;
				CLANG_WARN__DUPLICATE_METHOD_MATCH = YES;
				CODE_SIGN_IDENTITY = "iPhone Developer";
				COPY_PHASE_STRIP = NO;
				DEBUG_INFORMATION_FORMAT = "dwarf-with-dsym";
				ENABLE_NS_ASSERTIONS = NO;
				ENABLE_STRICT_OBJC_MSGSEND = YES;
				GCC_C_LANGUAGE_STANDARD = gnu11;
				GCC_NO_COMMON_BLOCKS = YES;
				GCC_WARN_64_TO_32_BIT_CONVERSION = YES;
				GCC_WARN_ABOUT_RETURN_TYPE = YES_ERROR;
				GCC_WARN_UNDECLARED_SELECTOR = YES;
				GCC_WARN_UNINITIALIZED_AUTOS = YES_AGGRESSIVE;
				GCC_WARN_UNUSED_FUNCTION = YES;
				GCC_WARN_UNUSED_VARIABLE = YES;
				IPHONEOS_DEPLOYMENT_TARGET = 11.4;
				MTL_ENABLE_DEBUG_INFO = NO;
				SDKROOT = iphoneos;
				SWIFT_COMPILATION_MODE = wholemodule;
				SWIFT_OPTIMIZATION_LEVEL = "-O";
				VALIDATE_PRODUCT = YES;
			};
			name = Release;
		};
		5B382B6920F5357D008E7D40 /* Debug */ = {
			isa = XCBuildConfiguration;
			buildSettings = {
				ASSETCATALOG_COMPILER_APPICON_NAME = AppIcon;
				CODE_SIGN_STYLE = Automatic;
				DEVELOPMENT_TEAM = 86J45LDZ7X;
				INFOPLIST_FILE = "Pokédex/Info.plist";
				LD_RUNPATH_SEARCH_PATHS = (
					"$(inherited)",
					"@executable_path/Frameworks",
				);
				PRODUCT_BUNDLE_IDENTIFIER = "ra.Poke-dex";
				PRODUCT_NAME = "$(TARGET_NAME)";
				SWIFT_VERSION = 4.0;
				TARGETED_DEVICE_FAMILY = "1,2";
			};
			name = Debug;
		};
		5B382B6A20F5357D008E7D40 /* Release */ = {
			isa = XCBuildConfiguration;
			buildSettings = {
				ASSETCATALOG_COMPILER_APPICON_NAME = AppIcon;
				CODE_SIGN_STYLE = Automatic;
				DEVELOPMENT_TEAM = 86J45LDZ7X;
				INFOPLIST_FILE = "Pokédex/Info.plist";
				LD_RUNPATH_SEARCH_PATHS = (
					"$(inherited)",
					"@executable_path/Frameworks",
				);
				PRODUCT_BUNDLE_IDENTIFIER = "ra.Poke-dex";
				PRODUCT_NAME = "$(TARGET_NAME)";
				SWIFT_VERSION = 4.0;
				TARGETED_DEVICE_FAMILY = "1,2";
			};
			name = Release;
		};
		5B382B6C20F5357D008E7D40 /* Debug */ = {
			isa = XCBuildConfiguration;
			buildSettings = {
				ALWAYS_EMBED_SWIFT_STANDARD_LIBRARIES = YES;
				BUNDLE_LOADER = "$(TEST_HOST)";
				CODE_SIGN_STYLE = Automatic;
				DEVELOPMENT_TEAM = 86J45LDZ7X;
				INFOPLIST_FILE = "PokédexTests/Info.plist";
				LD_RUNPATH_SEARCH_PATHS = (
					"$(inherited)",
					"@executable_path/Frameworks",
					"@loader_path/Frameworks",
				);
				PRODUCT_BUNDLE_IDENTIFIER = "ra.Poke-dexTests";
				PRODUCT_NAME = "$(TARGET_NAME)";
				SWIFT_VERSION = 4.0;
				TARGETED_DEVICE_FAMILY = "1,2";
				TEST_HOST = "$(BUILT_PRODUCTS_DIR)/Pokédex.app/Pokédex";
			};
			name = Debug;
		};
		5B382B6D20F5357D008E7D40 /* Release */ = {
			isa = XCBuildConfiguration;
			buildSettings = {
				ALWAYS_EMBED_SWIFT_STANDARD_LIBRARIES = YES;
				BUNDLE_LOADER = "$(TEST_HOST)";
				CODE_SIGN_STYLE = Automatic;
				DEVELOPMENT_TEAM = 86J45LDZ7X;
				INFOPLIST_FILE = "PokédexTests/Info.plist";
				LD_RUNPATH_SEARCH_PATHS = (
					"$(inherited)",
					"@executable_path/Frameworks",
					"@loader_path/Frameworks",
				);
				PRODUCT_BUNDLE_IDENTIFIER = "ra.Poke-dexTests";
				PRODUCT_NAME = "$(TARGET_NAME)";
				SWIFT_VERSION = 4.0;
				TARGETED_DEVICE_FAMILY = "1,2";
				TEST_HOST = "$(BUILT_PRODUCTS_DIR)/Pokédex.app/Pokédex";
			};
			name = Release;
		};
		5B382B6F20F5357D008E7D40 /* Debug */ = {
			isa = XCBuildConfiguration;
			buildSettings = {
				ALWAYS_EMBED_SWIFT_STANDARD_LIBRARIES = YES;
				CODE_SIGN_STYLE = Automatic;
				DEVELOPMENT_TEAM = 86J45LDZ7X;
				INFOPLIST_FILE = "PokédexUITests/Info.plist";
				LD_RUNPATH_SEARCH_PATHS = (
					"$(inherited)",
					"@executable_path/Frameworks",
					"@loader_path/Frameworks",
				);
				PRODUCT_BUNDLE_IDENTIFIER = "ra.Poke-dexUITests";
				PRODUCT_NAME = "$(TARGET_NAME)";
				SWIFT_VERSION = 4.0;
				TARGETED_DEVICE_FAMILY = "1,2";
				TEST_TARGET_NAME = "Pokédex";
			};
			name = Debug;
		};
		5B382B7020F5357D008E7D40 /* Release */ = {
			isa = XCBuildConfiguration;
			buildSettings = {
				ALWAYS_EMBED_SWIFT_STANDARD_LIBRARIES = YES;
				CODE_SIGN_STYLE = Automatic;
				DEVELOPMENT_TEAM = 86J45LDZ7X;
				INFOPLIST_FILE = "PokédexUITests/Info.plist";
				LD_RUNPATH_SEARCH_PATHS = (
					"$(inherited)",
					"@executable_path/Frameworks",
					"@loader_path/Frameworks",
				);
				PRODUCT_BUNDLE_IDENTIFIER = "ra.Poke-dexUITests";
				PRODUCT_NAME = "$(TARGET_NAME)";
				SWIFT_VERSION = 4.0;
				TARGETED_DEVICE_FAMILY = "1,2";
				TEST_TARGET_NAME = "Pokédex";
			};
			name = Release;
		};
/* End XCBuildConfiguration section */

/* Begin XCConfigurationList section */
		5B382B3B20F5357A008E7D40 /* Build configuration list for PBXProject "Pokédex" */ = {
			isa = XCConfigurationList;
			buildConfigurations = (
				5B382B6620F5357D008E7D40 /* Debug */,
				5B382B6720F5357D008E7D40 /* Release */,
			);
			defaultConfigurationIsVisible = 0;
			defaultConfigurationName = Release;
		};
		5B382B6820F5357D008E7D40 /* Build configuration list for PBXNativeTarget "Pokédex" */ = {
			isa = XCConfigurationList;
			buildConfigurations = (
				5B382B6920F5357D008E7D40 /* Debug */,
				5B382B6A20F5357D008E7D40 /* Release */,
			);
			defaultConfigurationIsVisible = 0;
			defaultConfigurationName = Release;
		};
		5B382B6B20F5357D008E7D40 /* Build configuration list for PBXNativeTarget "PokédexTests" */ = {
			isa = XCConfigurationList;
			buildConfigurations = (
				5B382B6C20F5357D008E7D40 /* Debug */,
				5B382B6D20F5357D008E7D40 /* Release */,
			);
			defaultConfigurationIsVisible = 0;
			defaultConfigurationName = Release;
		};
		5B382B6E20F5357D008E7D40 /* Build configuration list for PBXNativeTarget "PokédexUITests" */ = {
			isa = XCConfigurationList;
			buildConfigurations = (
				5B382B6F20F5357D008E7D40 /* Debug */,
				5B382B7020F5357D008E7D40 /* Release */,
			);
			defaultConfigurationIsVisible = 0;
			defaultConfigurationName = Release;
		};
/* End XCConfigurationList section */
	};
	rootObject = 5B382B3820F5357A008E7D40 /* Project object */;
}
